
Microsoft Visual Studio Solution File, Format Version 12.00
# Visual Studio Version 16
VisualStudioVersion = 16.0.29418.71
MinimumVisualStudioVersion = 10.0.40219.1
Project("{FAE04EC0-301F-11D3-BF4B-00C04F79EFBC}") = "mylearn", "mylearn\mylearn.csproj", "{16D6F03F-95DF-4223-8D78-1BF5C1D15658}"
EndProject
Global
	GlobalSection(SolutionConfigurationPlatforms) = preSolution
		Debug|Any CPU = Debug|Any CPU
		Release|Any CPU = Release|Any CPU
	EndGlobalSection
	GlobalSection(ProjectConfigurationPlatforms) = postSolution
		{16D6F03F-95DF-4223-8D78-1BF5C1D15658}.Debug|Any CPU.ActiveCfg = Debug|Any CPU
		{16D6F03F-95DF-4223-8D78-1BF5C1D15658}.Debug|Any CPU.Build.0 = Debug|Any CPU
		{16D6F03F-95DF-4223-8D78-1BF5C1D15658}.Release|Any CPU.ActiveCfg = Release|Any CPU
		{16D6F03F-95DF-4223-8D78-1BF5C1D15658}.Release|Any CPU.Build.0 = Release|Any CPU
	EndGlobalSection
	GlobalSection(SolutionProperties) = preSolution
		HideSolutionNode = FALSE
	EndGlobalSection
	GlobalSection(ExtensibilityGlobals) = postSolution
		SolutionGuid = {3ECC7F4F-FE28-406A-8EBB-CAAF6419F04C}
	EndGlobalSection
EndGlobal
